# THIS IS AN AUTOGENERATED FILE. DO NOT EDIT THIS FILE DIRECTLY.
# yarn lockfile v1


basiljs@basiljs/basil.js:
  version "1.1.0"
  resolved "https://codeload.github.com/basiljs/basil.js/tar.gz/f34b8a3722dd635dc0dd7cc45edfc595865e1f58"

extendscript-es5-shim@ExtendScript/extendscript-es5-shim:
  version "0.0.1"
  resolved "https://codeload.github.com/ExtendScript/extendscript-es5-shim/tar.gz/5eb186de69740356401095aafc19aff0360272ae"
